
Microsoft Visual Studio Solution File, Format Version 12.00
# Visual Studio Version 17
VisualStudioVersion = 17.4.33110.190
MinimumVisualStudioVersion = 10.0.40219.1
Project("{FAE04EC0-301F-11D3-BF4B-00C04F79EFBC}") = "GestoreEventi", "GestoreEventi\GestoreEventi.csproj", "{CFA691AD-01D4-4191-8631-04117B79799D}"
EndProject
Global
	GlobalSection(SolutionConfigurationPlatforms) = preSolution
		Debug|Any CPU = Debug|Any CPU
		Release|Any CPU = Release|Any CPU
	EndGlobalSection
	GlobalSection(ProjectConfigurationPlatforms) = postSolution
		{CFA691AD-01D4-4191-8631-04117B79799D}.Debug|Any CPU.ActiveCfg = Debug|Any CPU
		{CFA691AD-01D4-4191-8631-04117B79799D}.Debug|Any CPU.Build.0 = Debug|Any CPU
		{CFA691AD-01D4-4191-8631-04117B79799D}.Release|Any CPU.ActiveCfg = Release|Any CPU
		{CFA691AD-01D4-4191-8631-04117B79799D}.Release|Any CPU.Build.0 = Release|Any CPU
	EndGlobalSection
	GlobalSection(SolutionProperties) = preSolution
		HideSolutionNode = FALSE
	EndGlobalSection
	GlobalSection(ExtensibilityGlobals) = postSolution
		SolutionGuid = {A6543AE2-A50B-4D18-8190-BE2F833C0742}
	EndGlobalSection
EndGlobal
